<?xml version="1.0" encoding="utf-8"?>
<Project ToolsVersion="4.0" xmlns="http://schemas.microsoft.com/developer/msbuild/2003">
  <ItemGroup>
    <Filter Include="Исходные файлы">
      <UniqueIdentifier>{4FC737F1-C7A5-4376-A066-2A32D752A2FF}</UniqueIdentifier>
      <Extensions>cpp;c;cc;cxx;c++;cppm;ixx;def;odl;idl;hpj;bat;asm;asmx</Extensions>
    </Filter>
    <Filter Include="Файлы заголовков">
      <UniqueIdentifier>{93995380-89BD-4b04-88EB-625FBE52EBFB}</UniqueIdentifier>
      <Extensions>h;hh;hpp;hxx;h++;hm;inl;inc;ipp;xsd</Extensions>
    </Filter>
    <Filter Include="Файлы ресурсов">
      <UniqueIdentifier>{67DA6AB6-F800-4c08-8B7A-83BB121AAD01}</UniqueIdentifier>
      <Extensions>rc;ico;cur;bmp;dlg;rc2;rct;bin;rgs;gif;jpg;jpeg;jpe;resx;tiff;tif;png;wav;mfcribbon-ms</Extensions>
    </Filter>
    <Filter Include="ANSDK">
      <UniqueIdentifier>{836eb208-06a2-4863-a3c1-eaeff0f65814}</UniqueIdentifier>
    </Filter>
    <Filter Include="ANSDK\ANLoader">
      <UniqueIdentifier>{c4bec735-efe1-48a4-b514-f144fcc2e76c}</UniqueIdentifier>
    </Filter>
    <Filter Include="ANSDK\ANMath">
      <UniqueIdentifier>{35048818-33ab-497b-960d-a001215dd7d1}</UniqueIdentifier>
    </Filter>
    <Filter Include="ANSDK\IANApi">
      <UniqueIdentifier>{5db59142-ff7e-4262-b930-dfbbdb677fe1}</UniqueIdentifier>
    </Filter>
    <Filter Include="ANSDK\IANError">
      <UniqueIdentifier>{af49d0f3-db0d-49f8-9cc4-d415348f00e4}</UniqueIdentifier>
    </Filter>
    <Filter Include="ANSDK\IANGameScene">
      <UniqueIdentifier>{d15ff193-100f-4cc3-a54f-b3fbff1508dc}</UniqueIdentifier>
    </Filter>
    <Filter Include="ANSDK\ANMath\ANColor">
      <UniqueIdentifier>{d2b51cdf-2f54-4a84-9dff-4d7e9453641d}</UniqueIdentifier>
    </Filter>
    <Filter Include="ANSDK\ANMath\ANRect">
      <UniqueIdentifier>{dfd02970-7603-4951-b821-44af4db4f37b}</UniqueIdentifier>
    </Filter>
    <Filter Include="ANSDK\ANMath\ANVec2">
      <UniqueIdentifier>{7918c316-1d1f-40b9-a416-961c1ce0a3be}</UniqueIdentifier>
    </Filter>
    <Filter Include="ANSDK\ANMath\ANVec3">
      <UniqueIdentifier>{ed66b6d0-3c8b-44bf-b93c-1fcb7049b480}</UniqueIdentifier>
    </Filter>
    <Filter Include="Game">
      <UniqueIdentifier>{119cca1f-bfca-44c8-ad6a-31a90a7c4a68}</UniqueIdentifier>
    </Filter>
    <Filter Include="Game\MainMenu">
      <UniqueIdentifier>{e84fb253-6328-4565-8332-023433a8c191}</UniqueIdentifier>
    </Filter>
  </ItemGroup>
  <ItemGroup>
    <ClCompile Include="GameExample.cpp">
      <Filter>Исходные файлы</Filter>
    </ClCompile>
    <ClCompile Include="..\ANSDK\ANSDK\ANSDK.cpp">
      <Filter>ANSDK</Filter>
    </ClCompile>
    <ClCompile Include="..\ANSDK\ANSDK\IANError\IANError.cpp">
      <Filter>ANSDK\IANError</Filter>
    </ClCompile>
    <ClCompile Include="..\ANSDK\ANSDK\ANMath\ANColor\ANColor.cpp">
      <Filter>ANSDK\ANMath\ANColor</Filter>
    </ClCompile>
    <ClCompile Include="..\ANSDK\ANSDK\ANMath\ANRect\ANRect.cpp">
      <Filter>ANSDK\ANMath\ANRect</Filter>
    </ClCompile>
    <ClCompile Include="..\ANSDK\ANSDK\ANMath\ANVec2\ANVec2.cpp">
      <Filter>ANSDK\ANMath\ANVec2</Filter>
    </ClCompile>
    <ClCompile Include="..\ANSDK\ANSDK\ANMath\ANVec3\ANVec3.cpp">
      <Filter>ANSDK\ANMath\ANVec3</Filter>
    </ClCompile>
    <ClCompile Include="Game\MainMenu\MainMenu.cpp">
      <Filter>Game\MainMenu</Filter>
    </ClCompile>
  </ItemGroup>
  <ItemGroup>
    <ClInclude Include="..\ANSDK\ANSDK\ANSDK.h">
      <Filter>ANSDK</Filter>
    </ClInclude>
    <ClInclude Include="..\ANSDK\ANSDK\IANGameScene\IANGameScene.h">
      <Filter>ANSDK\IANGameScene</Filter>
    </ClInclude>
    <ClInclude Include="..\ANSDK\ANSDK\IANError\IANError.h">
      <Filter>ANSDK\IANError</Filter>
    </ClInclude>
    <ClInclude Include="..\ANSDK\ANSDK\IANLoader\IANLoader.h">
      <Filter>ANSDK\ANLoader</Filter>
    </ClInclude>
    <ClInclude Include="..\ANSDK\ANSDK\IANApi\IANApi.h">
      <Filter>ANSDK\IANApi</Filter>
    </ClInclude>
    <ClInclude Include="..\ANSDK\ANSDK\ANMath\ANColor\ANColor.h">
      <Filter>ANSDK\ANMath\ANColor</Filter>
    </ClInclude>
    <ClInclude Include="..\ANSDK\ANSDK\ANMath\ANRect\ANRect.h">
      <Filter>ANSDK\ANMath\ANRect</Filter>
    </ClInclude>
    <ClInclude Include="..\ANSDK\ANSDK\ANMath\ANVec2\ANVec2.h">
      <Filter>ANSDK\ANMath\ANVec2</Filter>
    </ClInclude>
    <ClInclude Include="..\ANSDK\ANSDK\ANMath\ANVec3\ANVec3.h">
      <Filter>ANSDK\ANMath\ANVec3</Filter>
    </ClInclude>
    <ClInclude Include="Game\MainMenu\MainMenu.h">
      <Filter>Game\MainMenu</Filter>
    </ClInclude>
    <ClInclude Include="Game\Game.h">
      <Filter>Game</Filter>
    </ClInclude>
    <ClInclude Include="includes.h">
      <Filter>Исходные файлы</Filter>
    </ClInclude>
  </ItemGroup>
</Project>