<?xml version="1.0" encoding="utf-8"?>
<Project ToolsVersion="4.0" xmlns="http://schemas.microsoft.com/developer/msbuild/2003">
  <ItemGroup>
    <Filter Include="Исходные файлы">
      <UniqueIdentifier>{4FC737F1-C7A5-4376-A066-2A32D752A2FF}</UniqueIdentifier>
      <Extensions>cpp;c;cc;cxx;c++;cppm;ixx;def;odl;idl;hpj;bat;asm;asmx</Extensions>
    </Filter>
    <Filter Include="Файлы заголовков">
      <UniqueIdentifier>{93995380-89BD-4b04-88EB-625FBE52EBFB}</UniqueIdentifier>
      <Extensions>h;hh;hpp;hxx;h++;hm;inl;inc;ipp;xsd</Extensions>
    </Filter>
    <Filter Include="Файлы ресурсов">
      <UniqueIdentifier>{67DA6AB6-F800-4c08-8B7A-83BB121AAD01}</UniqueIdentifier>
      <Extensions>rc;ico;cur;bmp;dlg;rc2;rct;bin;rgs;gif;jpg;jpeg;jpe;resx;tiff;tif;png;wav;mfcribbon-ms</Extensions>
    </Filter>
    <Filter Include="ANEngine">
      <UniqueIdentifier>{2d50b8f3-9b1c-48c5-8bae-745b84b45a23}</UniqueIdentifier>
    </Filter>
    <Filter Include="ANEngine\ANMath">
      <UniqueIdentifier>{9cdb5c0f-744b-470d-8aee-240c8998a49e}</UniqueIdentifier>
    </Filter>
    <Filter Include="ANEngine\ANMath\ANVec2">
      <UniqueIdentifier>{6df63cbd-dc18-4e01-8b8b-026743b716e9}</UniqueIdentifier>
    </Filter>
    <Filter Include="ANEngine\ANMath\ANVec3">
      <UniqueIdentifier>{d78775c0-fe8b-431a-9e86-2a95700faab9}</UniqueIdentifier>
    </Filter>
    <Filter Include="ANEngine\Interfaces">
      <UniqueIdentifier>{1fe229af-3c00-4c5a-817b-656fbf5cfd3a}</UniqueIdentifier>
    </Filter>
    <Filter Include="ANEngine\ANMemory">
      <UniqueIdentifier>{b6145d4a-c681-42b9-868b-0f45bd9b22e2}</UniqueIdentifier>
    </Filter>
    <Filter Include="ANEngine\ANInput">
      <UniqueIdentifier>{626dff36-b535-4722-84f3-306b990ce5c8}</UniqueIdentifier>
    </Filter>
    <Filter Include="ANEngine\ANMath\ANRect">
      <UniqueIdentifier>{a6eb50eb-dd01-46e6-91c7-b47c1d2592af}</UniqueIdentifier>
    </Filter>
    <Filter Include="ANEngine\ANMath\ANColor">
      <UniqueIdentifier>{9b406b57-2101-457b-b280-34aad57b2f6b}</UniqueIdentifier>
    </Filter>
    <Filter Include="ANEngine\ANRenderer">
      <UniqueIdentifier>{bad8343e-0695-455c-b199-bab591ff6b31}</UniqueIdentifier>
    </Filter>
    <Filter Include="ANEngine\ResourcesManager">
      <UniqueIdentifier>{88d910e8-fce2-476c-8125-82183cdb54be}</UniqueIdentifier>
    </Filter>
    <Filter Include="ANEngine\ResourcesManager\ANResourceManager">
      <UniqueIdentifier>{a6830256-e819-46bb-b833-6cb03f931c9c}</UniqueIdentifier>
    </Filter>
    <Filter Include="ANEngine\ResourcesManager\ANUniqueResource">
      <UniqueIdentifier>{875c400d-9856-4c03-9d9a-13a6b31cc93f}</UniqueIdentifier>
    </Filter>
    <Filter Include="ANEngine\ANGame">
      <UniqueIdentifier>{43574c47-80a0-4dc3-8cbd-9a1852953078}</UniqueIdentifier>
    </Filter>
    <Filter Include="ANEngine\ANApi">
      <UniqueIdentifier>{97abd957-34c0-4a8c-9441-ac77caed5d3c}</UniqueIdentifier>
    </Filter>
    <Filter Include="ANEngine\ANLoader">
      <UniqueIdentifier>{2b6e497e-67e9-4139-910c-1a9820dda63d}</UniqueIdentifier>
    </Filter>
    <Filter Include="ANEngine\ANCore">
      <UniqueIdentifier>{0d978f71-7838-49fc-96c3-7d3d32063bb9}</UniqueIdentifier>
    </Filter>
    <Filter Include="ANEngine\Interfaces\IANError">
      <UniqueIdentifier>{429fe0a2-f6bc-4bcb-880b-1eae25ba7a1d}</UniqueIdentifier>
    </Filter>
    <Filter Include="ANEngine\Interfaces\IANApi">
      <UniqueIdentifier>{bbcfb80e-a352-4157-ba4a-8088f68087dd}</UniqueIdentifier>
    </Filter>
    <Filter Include="ANEngine\Interfaces\IANGameScene">
      <UniqueIdentifier>{df39942c-7208-4673-b5be-b178e0a1fd6f}</UniqueIdentifier>
    </Filter>
    <Filter Include="ANEngine\Interfaces\IANLoader">
      <UniqueIdentifier>{8451807c-f18f-4c7d-93d7-b6bd0f470a88}</UniqueIdentifier>
    </Filter>
    <Filter Include="ANEngine\ANPerfomance">
      <UniqueIdentifier>{3392c943-120b-4a2d-bf4e-602a89b77df8}</UniqueIdentifier>
    </Filter>
    <Filter Include="ANEngine\ANMath\ANMathUtils">
      <UniqueIdentifier>{ab85339c-5cc1-41dd-bc07-007a479c0a60}</UniqueIdentifier>
    </Filter>
    <Filter Include="ANEngine\Gui">
      <UniqueIdentifier>{38f9be55-0fbc-45d4-9c43-d5067289d071}</UniqueIdentifier>
    </Filter>
    <Filter Include="ANEngine\Gui\ANGui">
      <UniqueIdentifier>{b1862ad7-cb3e-488c-9b58-7211946ca716}</UniqueIdentifier>
    </Filter>
    <Filter Include="ANEngine\Gui\ANGuiWindow">
      <UniqueIdentifier>{59455b67-2631-4f3d-8b3f-4bae77a03f9d}</UniqueIdentifier>
    </Filter>
    <Filter Include="ANEngine\Interfaces\GuiSkin">
      <UniqueIdentifier>{5bf8a45f-138a-4b97-9461-e949e7d33322}</UniqueIdentifier>
    </Filter>
    <Filter Include="ANEngine\Network">
      <UniqueIdentifier>{301bc838-c0cc-4bf6-a01b-123add70948e}</UniqueIdentifier>
    </Filter>
    <Filter Include="ANEngine\Network\Sockets">
      <UniqueIdentifier>{c2223133-8066-4c87-a324-481349e44070}</UniqueIdentifier>
    </Filter>
    <Filter Include="ANEngine\Network\ANNetwork">
      <UniqueIdentifier>{96534ca0-864c-4f18-8691-42b9ca7ad545}</UniqueIdentifier>
    </Filter>
    <Filter Include="ANEngine\Interfaces\Game">
      <UniqueIdentifier>{cf544b5b-c99e-4ee1-ac7a-4ff1f6b5c73f}</UniqueIdentifier>
    </Filter>
    <Filter Include="ANEngine\Interfaces\Game\GameEntity">
      <UniqueIdentifier>{275d415f-9d5a-4ede-bfc6-791ab15d2db0}</UniqueIdentifier>
    </Filter>
    <Filter Include="ANEngine\Interfaces\Game\GameEntity\IANEntity">
      <UniqueIdentifier>{6fd5d644-8913-4f3a-b714-25954d34ab0a}</UniqueIdentifier>
    </Filter>
    <Filter Include="ANEngine\ANWorld">
      <UniqueIdentifier>{3aa109ee-bb3d-41c2-b3e1-7b9d3088258a}</UniqueIdentifier>
    </Filter>
    <Filter Include="ANEngine\Interfaces\Game\GameEntity\IANEntityGroup">
      <UniqueIdentifier>{094f6b05-e502-42a3-9d39-976f99784bb7}</UniqueIdentifier>
    </Filter>
    <Filter Include="ANEngine\Interfaces\Game\IANAnimationCompositionController">
      <UniqueIdentifier>{7b56b900-5937-4706-afea-efd0fb894862}</UniqueIdentifier>
    </Filter>
    <Filter Include="ANEngine\GameEntity">
      <UniqueIdentifier>{a38d4630-13d2-41e6-9c6c-45945381e485}</UniqueIdentifier>
    </Filter>
    <Filter Include="ANEngine\GameEntity\ANEntityList">
      <UniqueIdentifier>{5387053a-7ee3-4f44-9705-1dca2bd8b336}</UniqueIdentifier>
    </Filter>
    <Filter Include="ANEngine\GameEntity\ANEntity">
      <UniqueIdentifier>{1e1a8cd3-fa80-47f7-8b5c-a8ab4f55da75}</UniqueIdentifier>
    </Filter>
    <Filter Include="ANEngine\GameEntity\ANEntityGroup">
      <UniqueIdentifier>{ceae0870-1fc5-4829-8254-8ca8d4c3fd4c}</UniqueIdentifier>
    </Filter>
    <Filter Include="ANEngine\GameEntity\ANAnimationCompositionController">
      <UniqueIdentifier>{95ab472f-c035-490f-814c-9c989b15a100}</UniqueIdentifier>
    </Filter>
    <Filter Include="ANEngine\ANInterfacePointer">
      <UniqueIdentifier>{0de6b5fa-2355-4972-aef0-acc36d345697}</UniqueIdentifier>
    </Filter>
    <Filter Include="ANEngine\Interfaces\Game\GameEntity\IANInteractionController">
      <UniqueIdentifier>{753041a8-ea31-4e17-8045-3b398c7a1488}</UniqueIdentifier>
    </Filter>
    <Filter Include="ANEngine\Interfaces\Game\IANInteractionMessagesList">
      <UniqueIdentifier>{d5b912cf-5d90-4b21-8655-596ea4c911f5}</UniqueIdentifier>
    </Filter>
    <Filter Include="ANEngine\Interfaces\Game\IANWorld">
      <UniqueIdentifier>{536191d5-1832-4f99-a088-3badac8b7fe9}</UniqueIdentifier>
    </Filter>
    <Filter Include="ANEngine\GameEntity\ANInteractionMessagesList">
      <UniqueIdentifier>{9149e909-02c5-45c9-9cd1-c8d630f9a95a}</UniqueIdentifier>
    </Filter>
    <Filter Include="ANEngine\Platforms">
      <UniqueIdentifier>{2c009e78-cc6d-44ae-afaf-6c2990dc948e}</UniqueIdentifier>
    </Filter>
    <Filter Include="ANEngine\Platforms\Win32">
      <UniqueIdentifier>{d219c53a-2104-4b52-8018-1089ef8f5ad1}</UniqueIdentifier>
    </Filter>
    <Filter Include="ANEngine\Platforms\Direct2D">
      <UniqueIdentifier>{ad88a592-beef-4850-a76f-7e9d09a12764}</UniqueIdentifier>
    </Filter>
  </ItemGroup>
  <ItemGroup>
    <ClCompile Include="ANEngine.cpp">
      <Filter>Исходные файлы</Filter>
    </ClCompile>
    <ClCompile Include="ANengine\ANMath\ANVec2\ANVec2.cpp">
      <Filter>ANEngine\ANMath\ANVec2</Filter>
    </ClCompile>
    <ClCompile Include="ANengine\ANMath\ANVec3\ANVec3.cpp">
      <Filter>ANEngine\ANMath\ANVec3</Filter>
    </ClCompile>
    <ClCompile Include="ANengine\ANMemory\ANMemory.cpp">
      <Filter>ANEngine\ANMemory</Filter>
    </ClCompile>
    <ClCompile Include="ANengine\ANInput\ANInput.cpp">
      <Filter>ANEngine\ANInput</Filter>
    </ClCompile>
    <ClCompile Include="ANengine\ANMath\ANRect\ANRect.cpp">
      <Filter>ANEngine\ANMath\ANRect</Filter>
    </ClCompile>
    <ClCompile Include="ANengine\ANMath\ANColor\ANColor.cpp">
      <Filter>ANEngine\ANMath\ANColor</Filter>
    </ClCompile>
    <ClCompile Include="ANengine\ANRenderer\ANRenderer.cpp">
      <Filter>ANEngine\ANRenderer</Filter>
    </ClCompile>
    <ClCompile Include="ANengine\ResourcesManager\ANResourceManager\ANResourceManager.cpp">
      <Filter>ANEngine\ResourcesManager\ANResourceManager</Filter>
    </ClCompile>
    <ClCompile Include="ANengine\ResourcesManager\ANUniqueResource\ANUniqueResource.cpp">
      <Filter>ANEngine\ResourcesManager\ANUniqueResource</Filter>
    </ClCompile>
    <ClCompile Include="ANengine\ANGame\ANGame.cpp">
      <Filter>ANEngine\ANGame</Filter>
    </ClCompile>
    <ClCompile Include="ANengine\ANApi\ANApi.cpp">
      <Filter>ANEngine\ANApi</Filter>
    </ClCompile>
    <ClCompile Include="ANengine\ANLoader\ANLoader.cpp">
      <Filter>ANEngine\ANLoader</Filter>
    </ClCompile>
    <ClCompile Include="ANengine\ANCore\ANCore.cpp">
      <Filter>ANEngine\ANCore</Filter>
    </ClCompile>
    <ClCompile Include="ANengine\Interfaces\IANError\IANError.cpp">
      <Filter>ANEngine\Interfaces\IANError</Filter>
    </ClCompile>
    <ClCompile Include="ANengine\ANMath\ANMathUtils\ANMathUtils.cpp">
      <Filter>ANEngine\ANMath\ANMathUtils</Filter>
    </ClCompile>
    <ClCompile Include="ANengine\ANPerfomance\ANPerfomance.cpp">
      <Filter>ANEngine\ANPerfomance</Filter>
    </ClCompile>
    <ClCompile Include="ANengine\Gui\ANGui\ANGui.cpp">
      <Filter>ANEngine\Gui\ANGui</Filter>
    </ClCompile>
    <ClCompile Include="ANengine\Gui\ANGuiWindow\ANGuiWindow.cpp">
      <Filter>ANEngine\Gui\ANGuiWindow</Filter>
    </ClCompile>
    <ClCompile Include="ANengine\ANWorld\ANWorld.cpp">
      <Filter>ANEngine\ANWorld</Filter>
    </ClCompile>
    <ClCompile Include="ANengine\GameEntity\ANEntityList\ANEntityList.cpp">
      <Filter>ANEngine\GameEntity\ANEntityList</Filter>
    </ClCompile>
    <ClCompile Include="ANengine\GameEntity\ANEntity\ANEntity.cpp">
      <Filter>ANEngine\GameEntity\ANEntity</Filter>
    </ClCompile>
    <ClCompile Include="ANengine\GameEntity\ANEntityGroup\ANEntityGroup.cpp">
      <Filter>ANEngine\GameEntity\ANEntityGroup</Filter>
    </ClCompile>
    <ClCompile Include="ANengine\GameEntity\ANAnimationCompositionController\ANAnimationCompositionController.cpp">
      <Filter>ANEngine\GameEntity\ANAnimationCompositionController</Filter>
    </ClCompile>
    <ClCompile Include="ANengine\GameEntity\ANInteractionMessagesList\ANInteractionMessagesList.cpp">
      <Filter>ANEngine\GameEntity\ANInteractionMessagesList</Filter>
    </ClCompile>
    <ClCompile Include="ANengine\Platforms\Win32\ANWin32Platform.cpp">
      <Filter>ANEngine\Platforms\Win32</Filter>
    </ClCompile>
    <ClCompile Include="ANengine\Platforms\Direct2D\ANDirect2DPlatform.cpp">
      <Filter>ANEngine\Platforms\Direct2D</Filter>
    </ClCompile>
  </ItemGroup>
  <ItemGroup>
    <ClInclude Include="ANengine\ANEngine.h">
      <Filter>ANEngine</Filter>
    </ClInclude>
    <ClInclude Include="ANengine\ANMath\ANVec2\ANVec2.h">
      <Filter>ANEngine\ANMath\ANVec2</Filter>
    </ClInclude>
    <ClInclude Include="ANengine\ANMath\ANVec3\ANVec3.h">
      <Filter>ANEngine\ANMath\ANVec3</Filter>
    </ClInclude>
    <ClInclude Include="ANengine\ANMemory\ANMemory.h">
      <Filter>ANEngine\ANMemory</Filter>
    </ClInclude>
    <ClInclude Include="ANengine\ANInput\ANInput.h">
      <Filter>ANEngine\ANInput</Filter>
    </ClInclude>
    <ClInclude Include="ANengine\ANTypes.h">
      <Filter>ANEngine</Filter>
    </ClInclude>
    <ClInclude Include="ANengine\ANMath\ANRect\ANRect.h">
      <Filter>ANEngine\ANMath\ANRect</Filter>
    </ClInclude>
    <ClInclude Include="ANengine\ANMath\ANColor\ANColor.h">
      <Filter>ANEngine\ANMath\ANColor</Filter>
    </ClInclude>
    <ClInclude Include="ANengine\ANRenderer\ANRenderer.h">
      <Filter>ANEngine\ANRenderer</Filter>
    </ClInclude>
    <ClInclude Include="ANengine\ResourcesManager\ANResourceManager\ANResourceManager.h">
      <Filter>ANEngine\ResourcesManager\ANResourceManager</Filter>
    </ClInclude>
    <ClInclude Include="ANengine\ResourcesManager\ANUniqueResource\ANUniqueResource.h">
      <Filter>ANEngine\ResourcesManager\ANUniqueResource</Filter>
    </ClInclude>
    <ClInclude Include="ANengine\ANGame\ANGame.h">
      <Filter>ANEngine\ANGame</Filter>
    </ClInclude>
    <ClInclude Include="ANengine\ANApi\ANApi.h">
      <Filter>ANEngine\ANApi</Filter>
    </ClInclude>
    <ClInclude Include="ANengine\ANLoader\ANLoader.h">
      <Filter>ANEngine\ANLoader</Filter>
    </ClInclude>
    <ClInclude Include="ANengine\ANCore\ANCore.h">
      <Filter>ANEngine\ANCore</Filter>
    </ClInclude>
    <ClInclude Include="ANengine\Interfaces\IANError\IANError.h">
      <Filter>ANEngine\Interfaces\IANError</Filter>
    </ClInclude>
    <ClInclude Include="ANengine\Interfaces\IANApi\IANApi.h">
      <Filter>ANEngine\Interfaces\IANApi</Filter>
    </ClInclude>
    <ClInclude Include="ANengine\Interfaces\IANGameScene\IANGameScene.h">
      <Filter>ANEngine\Interfaces\IANGameScene</Filter>
    </ClInclude>
    <ClInclude Include="ANengine\Interfaces\IANLoader\IANLoader.h">
      <Filter>ANEngine\Interfaces\IANLoader</Filter>
    </ClInclude>
    <ClInclude Include="ANengine\ANMath\ANMathUtils\ANMathUtils.h">
      <Filter>ANEngine\ANMath\ANMathUtils</Filter>
    </ClInclude>
    <ClInclude Include="ANengine\ANPerfomance\ANPerfomance.h">
      <Filter>ANEngine\ANPerfomance</Filter>
    </ClInclude>
    <ClInclude Include="ANengine\Gui\ANGui\ANGui.h">
      <Filter>ANEngine\Gui\ANGui</Filter>
    </ClInclude>
    <ClInclude Include="ANengine\Gui\ANGuiWindow\ANGuiWindow.h">
      <Filter>ANEngine\Gui\ANGuiWindow</Filter>
    </ClInclude>
    <ClInclude Include="ANengine\Interfaces\GuiSkin\GuiSkin.h">
      <Filter>ANEngine\Interfaces\GuiSkin</Filter>
    </ClInclude>
    <ClInclude Include="ANengine\Interfaces\Game\GameEntity\IANEntity\IANEntity.h">
      <Filter>ANEngine\Interfaces\Game\GameEntity\IANEntity</Filter>
    </ClInclude>
    <ClInclude Include="ANengine\ANWorld\ANWorld.h">
      <Filter>ANEngine\ANWorld</Filter>
    </ClInclude>
    <ClInclude Include="ANengine\GameEntity\ANEntityList\ANEntityList.h">
      <Filter>ANEngine\GameEntity\ANEntityList</Filter>
    </ClInclude>
    <ClInclude Include="ANengine\GameEntity\ANEntity\ANEntity.h">
      <Filter>ANEngine\GameEntity\ANEntity</Filter>
    </ClInclude>
    <ClInclude Include="ANengine\Interfaces\Game\GameEntity\IANEntityGroup\IANEntityGroup.h">
      <Filter>ANEngine\Interfaces\Game\GameEntity\IANEntityGroup</Filter>
    </ClInclude>
    <ClInclude Include="ANengine\GameEntity\ANEntityGroup\ANEntityGroup.h">
      <Filter>ANEngine\GameEntity\ANEntityGroup</Filter>
    </ClInclude>
    <ClInclude Include="ANengine\Interfaces\Game\IANAnimationCompositionController\IANAnimationCompositionController.h">
      <Filter>ANEngine\Interfaces\Game\IANAnimationCompositionController</Filter>
    </ClInclude>
    <ClInclude Include="ANengine\GameEntity\ANAnimationCompositionController\ANAnimationCompositionController.h">
      <Filter>ANEngine\GameEntity\ANAnimationCompositionController</Filter>
    </ClInclude>
    <ClInclude Include="ANengine\ANInterfacePointer\ANInterfacePointer.h">
      <Filter>ANEngine\ANInterfacePointer</Filter>
    </ClInclude>
    <ClInclude Include="ANengine\Interfaces\Game\GameEntity\IANInteractionController\IANInteractionController.h">
      <Filter>ANEngine\Interfaces\Game\GameEntity\IANInteractionController</Filter>
    </ClInclude>
    <ClInclude Include="ANengine\Interfaces\Game\IANInteractionMessagesList\IANInteractionMessagesList.h">
      <Filter>ANEngine\Interfaces\Game\IANInteractionMessagesList</Filter>
    </ClInclude>
    <ClInclude Include="ANengine\Interfaces\Game\IANWorld\IANWorld.h">
      <Filter>ANEngine\Interfaces\Game\IANWorld</Filter>
    </ClInclude>
    <ClInclude Include="ANengine\GameEntity\ANInteractionMessagesList\ANInteractionMessagesList.h">
      <Filter>ANEngine\GameEntity\ANInteractionMessagesList</Filter>
    </ClInclude>
    <ClInclude Include="ANengine\Platforms\Win32\ANWin32Platform.h">
      <Filter>ANEngine\Platforms\Win32</Filter>
    </ClInclude>
    <ClInclude Include="ANengine\Platforms\Direct2D\ANDirect2DPlatform.h">
      <Filter>ANEngine\Platforms\Direct2D</Filter>
    </ClInclude>
  </ItemGroup>
</Project>