<?xml version="1.0" encoding="utf-8"?>
<Project ToolsVersion="4.0" xmlns="http://schemas.microsoft.com/developer/msbuild/2003">
  <ItemGroup>
    <Filter Include="Исходные файлы">
      <UniqueIdentifier>{4FC737F1-C7A5-4376-A066-2A32D752A2FF}</UniqueIdentifier>
      <Extensions>cpp;c;cc;cxx;c++;cppm;ixx;def;odl;idl;hpj;bat;asm;asmx</Extensions>
    </Filter>
    <Filter Include="Файлы заголовков">
      <UniqueIdentifier>{93995380-89BD-4b04-88EB-625FBE52EBFB}</UniqueIdentifier>
      <Extensions>h;hh;hpp;hxx;h++;hm;inl;inc;ipp;xsd</Extensions>
    </Filter>
    <Filter Include="Файлы ресурсов">
      <UniqueIdentifier>{67DA6AB6-F800-4c08-8B7A-83BB121AAD01}</UniqueIdentifier>
      <Extensions>rc;ico;cur;bmp;dlg;rc2;rct;bin;rgs;gif;jpg;jpeg;jpe;resx;tiff;tif;png;wav;mfcribbon-ms</Extensions>
    </Filter>
    <Filter Include="ANEngine">
      <UniqueIdentifier>{2d50b8f3-9b1c-48c5-8bae-745b84b45a23}</UniqueIdentifier>
    </Filter>
    <Filter Include="ANEngine\ANMath">
      <UniqueIdentifier>{9cdb5c0f-744b-470d-8aee-240c8998a49e}</UniqueIdentifier>
    </Filter>
    <Filter Include="ANEngine\ANMath\ANVec2">
      <UniqueIdentifier>{6df63cbd-dc18-4e01-8b8b-026743b716e9}</UniqueIdentifier>
    </Filter>
    <Filter Include="ANEngine\ANMath\ANVec3">
      <UniqueIdentifier>{d78775c0-fe8b-431a-9e86-2a95700faab9}</UniqueIdentifier>
    </Filter>
    <Filter Include="ANEngine\ANWindow">
      <UniqueIdentifier>{c60f5315-7750-49be-a473-6b2d12bda785}</UniqueIdentifier>
    </Filter>
    <Filter Include="ANEngine\Interfaces">
      <UniqueIdentifier>{1fe229af-3c00-4c5a-817b-656fbf5cfd3a}</UniqueIdentifier>
    </Filter>
    <Filter Include="ANEngine\ANMemory">
      <UniqueIdentifier>{b6145d4a-c681-42b9-868b-0f45bd9b22e2}</UniqueIdentifier>
    </Filter>
    <Filter Include="ANEngine\ANInput">
      <UniqueIdentifier>{626dff36-b535-4722-84f3-306b990ce5c8}</UniqueIdentifier>
    </Filter>
    <Filter Include="ANEngine\ANMath\ANRect">
      <UniqueIdentifier>{a6eb50eb-dd01-46e6-91c7-b47c1d2592af}</UniqueIdentifier>
    </Filter>
    <Filter Include="ANEngine\ANMath\ANColor">
      <UniqueIdentifier>{9b406b57-2101-457b-b280-34aad57b2f6b}</UniqueIdentifier>
    </Filter>
    <Filter Include="ANEngine\ANRenderer">
      <UniqueIdentifier>{bad8343e-0695-455c-b199-bab591ff6b31}</UniqueIdentifier>
    </Filter>
    <Filter Include="ANEngine\ResourcesManager">
      <UniqueIdentifier>{88d910e8-fce2-476c-8125-82183cdb54be}</UniqueIdentifier>
    </Filter>
    <Filter Include="ANEngine\ResourcesManager\ANResourceManager">
      <UniqueIdentifier>{a6830256-e819-46bb-b833-6cb03f931c9c}</UniqueIdentifier>
    </Filter>
    <Filter Include="ANEngine\ResourcesManager\ANUniqueResource">
      <UniqueIdentifier>{875c400d-9856-4c03-9d9a-13a6b31cc93f}</UniqueIdentifier>
    </Filter>
    <Filter Include="ANEngine\ANScene">
      <UniqueIdentifier>{d2a7a479-cca5-4291-b91b-274596f6fee6}</UniqueIdentifier>
    </Filter>
    <Filter Include="ANEngine\ANGame">
      <UniqueIdentifier>{43574c47-80a0-4dc3-8cbd-9a1852953078}</UniqueIdentifier>
    </Filter>
    <Filter Include="ANEngine\ANApi">
      <UniqueIdentifier>{97abd957-34c0-4a8c-9441-ac77caed5d3c}</UniqueIdentifier>
    </Filter>
    <Filter Include="ANEngine\ANLoader">
      <UniqueIdentifier>{2b6e497e-67e9-4139-910c-1a9820dda63d}</UniqueIdentifier>
    </Filter>
    <Filter Include="ANEngine\ANCore">
      <UniqueIdentifier>{0d978f71-7838-49fc-96c3-7d3d32063bb9}</UniqueIdentifier>
    </Filter>
    <Filter Include="ANEngine\Interfaces\IANError">
      <UniqueIdentifier>{429fe0a2-f6bc-4bcb-880b-1eae25ba7a1d}</UniqueIdentifier>
    </Filter>
    <Filter Include="ANEngine\Interfaces\IANApi">
      <UniqueIdentifier>{bbcfb80e-a352-4157-ba4a-8088f68087dd}</UniqueIdentifier>
    </Filter>
    <Filter Include="ANEngine\Interfaces\IANGameScene">
      <UniqueIdentifier>{df39942c-7208-4673-b5be-b178e0a1fd6f}</UniqueIdentifier>
    </Filter>
    <Filter Include="ANEngine\Interfaces\IANLoader">
      <UniqueIdentifier>{8451807c-f18f-4c7d-93d7-b6bd0f470a88}</UniqueIdentifier>
    </Filter>
    <Filter Include="ANEngine\ANGui">
      <UniqueIdentifier>{be2c0888-9105-48a3-8ea0-dfbe92c37024}</UniqueIdentifier>
    </Filter>
    <Filter Include="ANEngine\Interfaces\GameEntity">
      <UniqueIdentifier>{275d415f-9d5a-4ede-bfc6-791ab15d2db0}</UniqueIdentifier>
    </Filter>
    <Filter Include="ANEngine\Interfaces\GameEntity\IANBasicEntity">
      <UniqueIdentifier>{686cde0a-594f-49f5-b17b-cb02f01d9977}</UniqueIdentifier>
    </Filter>
    <Filter Include="ANEngine\Interfaces\GameEntity\IANActor">
      <UniqueIdentifier>{887c1bc3-a82b-470e-8dc4-db2ff2d38be0}</UniqueIdentifier>
    </Filter>
    <Filter Include="ANEngine\Interfaces\GameEntity\IANEntity">
      <UniqueIdentifier>{6fd5d644-8913-4f3a-b714-25954d34ab0a}</UniqueIdentifier>
    </Filter>
    <Filter Include="ANEngine\Interfaces\GameEntity\IANActionController">
      <UniqueIdentifier>{97704094-1c96-4b66-ba3e-c363ba94847c}</UniqueIdentifier>
    </Filter>
    <Filter Include="ANEngine\Interfaces\GameEntity\IANAnimationController">
      <UniqueIdentifier>{2021931d-34cf-45bc-9efc-e858b2afa59a}</UniqueIdentifier>
    </Filter>
    <Filter Include="ANEngine\ANPerfomance">
      <UniqueIdentifier>{3392c943-120b-4a2d-bf4e-602a89b77df8}</UniqueIdentifier>
    </Filter>
  </ItemGroup>
  <ItemGroup>
    <ClCompile Include="ANEngine.cpp">
      <Filter>Исходные файлы</Filter>
    </ClCompile>
    <ClCompile Include="ANengine\ANMath\ANVec2\ANVec2.cpp">
      <Filter>ANEngine\ANMath\ANVec2</Filter>
    </ClCompile>
    <ClCompile Include="ANengine\ANMath\ANVec3\ANVec3.cpp">
      <Filter>ANEngine\ANMath\ANVec3</Filter>
    </ClCompile>
    <ClCompile Include="ANengine\ANWindow\ANWindow.cpp">
      <Filter>ANEngine\ANWindow</Filter>
    </ClCompile>
    <ClCompile Include="ANengine\ANMemory\ANMemory.cpp">
      <Filter>ANEngine\ANMemory</Filter>
    </ClCompile>
    <ClCompile Include="ANengine\ANInput\ANInput.cpp">
      <Filter>ANEngine\ANInput</Filter>
    </ClCompile>
    <ClCompile Include="ANengine\ANMath\ANRect\ANRect.cpp">
      <Filter>ANEngine\ANMath\ANRect</Filter>
    </ClCompile>
    <ClCompile Include="ANengine\ANMath\ANColor\ANColor.cpp">
      <Filter>ANEngine\ANMath\ANColor</Filter>
    </ClCompile>
    <ClCompile Include="ANengine\ANRenderer\ANRenderer.cpp">
      <Filter>ANEngine\ANRenderer</Filter>
    </ClCompile>
    <ClCompile Include="ANengine\ResourcesManager\ANResourceManager\ANResourceManager.cpp">
      <Filter>ANEngine\ResourcesManager\ANResourceManager</Filter>
    </ClCompile>
    <ClCompile Include="ANengine\ResourcesManager\ANUniqueResource\ANUniqueResource.cpp">
      <Filter>ANEngine\ResourcesManager\ANUniqueResource</Filter>
    </ClCompile>
    <ClCompile Include="ANengine\ANScene\ANScene.cpp">
      <Filter>ANEngine\ANScene</Filter>
    </ClCompile>
    <ClCompile Include="ANengine\ANGame\ANGame.cpp">
      <Filter>ANEngine\ANGame</Filter>
    </ClCompile>
    <ClCompile Include="ANengine\ANApi\ANApi.cpp">
      <Filter>ANEngine\ANApi</Filter>
    </ClCompile>
    <ClCompile Include="ANengine\ANLoader\ANLoader.cpp">
      <Filter>ANEngine\ANLoader</Filter>
    </ClCompile>
    <ClCompile Include="ANengine\ANCore\ANCore.cpp">
      <Filter>ANEngine\ANCore</Filter>
    </ClCompile>
    <ClCompile Include="ANengine\Interfaces\IANError\IANError.cpp">
      <Filter>ANEngine\Interfaces\IANError</Filter>
    </ClCompile>
    <ClCompile Include="ANengine\ANGui\ANGui.cpp">
      <Filter>ANEngine\ANGui</Filter>
    </ClCompile>
  </ItemGroup>
  <ItemGroup>
    <ClInclude Include="ANengine\ANEngine.h">
      <Filter>ANEngine</Filter>
    </ClInclude>
    <ClInclude Include="ANengine\ANMath\ANVec2\ANVec2.h">
      <Filter>ANEngine\ANMath\ANVec2</Filter>
    </ClInclude>
    <ClInclude Include="ANengine\ANMath\ANVec3\ANVec3.h">
      <Filter>ANEngine\ANMath\ANVec3</Filter>
    </ClInclude>
    <ClInclude Include="ANengine\ANWindow\ANWindow.h">
      <Filter>ANEngine\ANWindow</Filter>
    </ClInclude>
    <ClInclude Include="ANengine\ANMemory\ANMemory.h">
      <Filter>ANEngine\ANMemory</Filter>
    </ClInclude>
    <ClInclude Include="ANengine\ANInput\ANInput.h">
      <Filter>ANEngine\ANInput</Filter>
    </ClInclude>
    <ClInclude Include="ANengine\ANTypes.h">
      <Filter>ANEngine</Filter>
    </ClInclude>
    <ClInclude Include="ANengine\ANMath\ANRect\ANRect.h">
      <Filter>ANEngine\ANMath\ANRect</Filter>
    </ClInclude>
    <ClInclude Include="ANengine\ANMath\ANColor\ANColor.h">
      <Filter>ANEngine\ANMath\ANColor</Filter>
    </ClInclude>
    <ClInclude Include="ANengine\ANRenderer\ANRenderer.h">
      <Filter>ANEngine\ANRenderer</Filter>
    </ClInclude>
    <ClInclude Include="ANengine\ResourcesManager\ANResourceManager\ANResourceManager.h">
      <Filter>ANEngine\ResourcesManager\ANResourceManager</Filter>
    </ClInclude>
    <ClInclude Include="ANengine\ResourcesManager\ANUniqueResource\ANUniqueResource.h">
      <Filter>ANEngine\ResourcesManager\ANUniqueResource</Filter>
    </ClInclude>
    <ClInclude Include="ANengine\ANScene\ANScene.h">
      <Filter>ANEngine\ANScene</Filter>
    </ClInclude>
    <ClInclude Include="ANengine\ANGame\ANGame.h">
      <Filter>ANEngine\ANGame</Filter>
    </ClInclude>
    <ClInclude Include="ANengine\ANApi\ANApi.h">
      <Filter>ANEngine\ANApi</Filter>
    </ClInclude>
    <ClInclude Include="ANengine\ANLoader\ANLoader.h">
      <Filter>ANEngine\ANLoader</Filter>
    </ClInclude>
    <ClInclude Include="ANengine\ANCore\ANCore.h">
      <Filter>ANEngine\ANCore</Filter>
    </ClInclude>
    <ClInclude Include="ANengine\Interfaces\IANError\IANError.h">
      <Filter>ANEngine\Interfaces\IANError</Filter>
    </ClInclude>
    <ClInclude Include="ANengine\Interfaces\IANApi\IANApi.h">
      <Filter>ANEngine\Interfaces\IANApi</Filter>
    </ClInclude>
    <ClInclude Include="ANengine\Interfaces\IANGameScene\IANGameScene.h">
      <Filter>ANEngine\Interfaces\IANGameScene</Filter>
    </ClInclude>
    <ClInclude Include="ANengine\Interfaces\IANLoader\IANLoader.h">
      <Filter>ANEngine\Interfaces\IANLoader</Filter>
    </ClInclude>
    <ClInclude Include="ANengine\ANGui\ANGui.h">
      <Filter>ANEngine\ANGui</Filter>
    </ClInclude>
  </ItemGroup>
</Project>